
Microsoft Visual Studio Solution File, Format Version 12.00
# Visual Studio Version 17
VisualStudioVersion = 17.2.32630.192
MinimumVisualStudioVersion = 10.0.40219.1
Project("{FAE04EC0-301F-11D3-BF4B-00C04F79EFBC}") = "RenomearScriptsBanco", "RenomearScriptsBanco\RenomearScriptsBanco.csproj", "{374A24B7-B9F3-4B57-B6E9-F46D5CD9A1AE}"
EndProject
Global
	GlobalSection(SolutionConfigurationPlatforms) = preSolution
		Debug|Any CPU = Debug|Any CPU
		Release|Any CPU = Release|Any CPU
	EndGlobalSection
	GlobalSection(ProjectConfigurationPlatforms) = postSolution
		{374A24B7-B9F3-4B57-B6E9-F46D5CD9A1AE}.Debug|Any CPU.ActiveCfg = Debug|Any CPU
		{374A24B7-B9F3-4B57-B6E9-F46D5CD9A1AE}.Debug|Any CPU.Build.0 = Debug|Any CPU
		{374A24B7-B9F3-4B57-B6E9-F46D5CD9A1AE}.Release|Any CPU.ActiveCfg = Release|Any CPU
		{374A24B7-B9F3-4B57-B6E9-F46D5CD9A1AE}.Release|Any CPU.Build.0 = Release|Any CPU
	EndGlobalSection
	GlobalSection(SolutionProperties) = preSolution
		HideSolutionNode = FALSE
	EndGlobalSection
	GlobalSection(ExtensibilityGlobals) = postSolution
		SolutionGuid = {D6C4EB3C-D0C5-40D2-B8F8-C12E866B08B2}
	EndGlobalSection
EndGlobal
